
Microsoft Visual Studio Solution File, Format Version 12.00
# Visual Studio 14
VisualStudioVersion = 14.0.25123.0
MinimumVisualStudioVersion = 10.0.40219.1
Project("{FAE04EC0-301F-11D3-BF4B-00C04F79EFBC}") = "hackaton-engine", "hackaton-engine\hackaton-engine.csproj", "{0EDA2E80-1494-4269-BFFA-75F375518194}"
EndProject
Project("{FAE04EC0-301F-11D3-BF4B-00C04F79EFBC}") = "Common", "Common\Common.csproj", "{E5B31858-F753-45E0-8700-7D9B02B2060D}"
EndProject
Project("{FAE04EC0-301F-11D3-BF4B-00C04F79EFBC}") = "Common.UT", "Common.UT\Common.UT.csproj", "{E0F9FAD1-95DA-49C0-A391-77F40287C2C0}"
EndProject
Project("{FAE04EC0-301F-11D3-BF4B-00C04F79EFBC}") = "hackaton-engine.UT", "hackaton-engine.UT\hackaton-engine.UT.csproj", "{7DD74B96-AEEE-4C44-96F9-6A35441A41C8}"
EndProject
Global
	GlobalSection(SolutionConfigurationPlatforms) = preSolution
		Debug|Any CPU = Debug|Any CPU
		Release|Any CPU = Release|Any CPU
		TPXDev|Any CPU = TPXDev|Any CPU
	EndGlobalSection
	GlobalSection(ProjectConfigurationPlatforms) = postSolution
		{0EDA2E80-1494-4269-BFFA-75F375518194}.Debug|Any CPU.ActiveCfg = Debug|Any CPU
		{0EDA2E80-1494-4269-BFFA-75F375518194}.Debug|Any CPU.Build.0 = Debug|Any CPU
		{0EDA2E80-1494-4269-BFFA-75F375518194}.Release|Any CPU.ActiveCfg = Release|Any CPU
		{0EDA2E80-1494-4269-BFFA-75F375518194}.Release|Any CPU.Build.0 = Release|Any CPU
		{0EDA2E80-1494-4269-BFFA-75F375518194}.TPXDev|Any CPU.ActiveCfg = DevTPX|Any CPU
		{0EDA2E80-1494-4269-BFFA-75F375518194}.TPXDev|Any CPU.Build.0 = DevTPX|Any CPU
		{E5B31858-F753-45E0-8700-7D9B02B2060D}.Debug|Any CPU.ActiveCfg = Debug|Any CPU
		{E5B31858-F753-45E0-8700-7D9B02B2060D}.Debug|Any CPU.Build.0 = Debug|Any CPU
		{E5B31858-F753-45E0-8700-7D9B02B2060D}.Release|Any CPU.ActiveCfg = Release|Any CPU
		{E5B31858-F753-45E0-8700-7D9B02B2060D}.Release|Any CPU.Build.0 = Release|Any CPU
		{E5B31858-F753-45E0-8700-7D9B02B2060D}.TPXDev|Any CPU.ActiveCfg = Release|Any CPU
		{E5B31858-F753-45E0-8700-7D9B02B2060D}.TPXDev|Any CPU.Build.0 = Release|Any CPU
		{E0F9FAD1-95DA-49C0-A391-77F40287C2C0}.Debug|Any CPU.ActiveCfg = Debug|Any CPU
		{E0F9FAD1-95DA-49C0-A391-77F40287C2C0}.Debug|Any CPU.Build.0 = Debug|Any CPU
		{E0F9FAD1-95DA-49C0-A391-77F40287C2C0}.Release|Any CPU.ActiveCfg = Release|Any CPU
		{E0F9FAD1-95DA-49C0-A391-77F40287C2C0}.Release|Any CPU.Build.0 = Release|Any CPU
		{E0F9FAD1-95DA-49C0-A391-77F40287C2C0}.TPXDev|Any CPU.ActiveCfg = Release|Any CPU
		{7DD74B96-AEEE-4C44-96F9-6A35441A41C8}.Debug|Any CPU.ActiveCfg = Debug|Any CPU
		{7DD74B96-AEEE-4C44-96F9-6A35441A41C8}.Debug|Any CPU.Build.0 = Debug|Any CPU
		{7DD74B96-AEEE-4C44-96F9-6A35441A41C8}.Release|Any CPU.ActiveCfg = Release|Any CPU
		{7DD74B96-AEEE-4C44-96F9-6A35441A41C8}.Release|Any CPU.Build.0 = Release|Any CPU
		{7DD74B96-AEEE-4C44-96F9-6A35441A41C8}.TPXDev|Any CPU.ActiveCfg = Release|Any CPU
	EndGlobalSection
	GlobalSection(SolutionProperties) = preSolution
		HideSolutionNode = FALSE
	EndGlobalSection
EndGlobal
